
Microsoft Visual Studio Solution File, Format Version 12.00
# Visual Studio Version 16
VisualStudioVersion = 16.0.31019.35
MinimumVisualStudioVersion = 10.0.40219.1
Project("{FAE04EC0-301F-11D3-BF4B-00C04F79EFBC}") = "FullWebApiExample", "FullWebApiExample\FullWebApiExample.csproj", "{AA4AB1E3-9BF7-46E4-AAC8-DBE748AE942B}"
EndProject
Global
	GlobalSection(SolutionConfigurationPlatforms) = preSolution
		Debug|Any CPU = Debug|Any CPU
		Release|Any CPU = Release|Any CPU
	EndGlobalSection
	GlobalSection(ProjectConfigurationPlatforms) = postSolution
		{AA4AB1E3-9BF7-46E4-AAC8-DBE748AE942B}.Debug|Any CPU.ActiveCfg = Debug|Any CPU
		{AA4AB1E3-9BF7-46E4-AAC8-DBE748AE942B}.Debug|Any CPU.Build.0 = Debug|Any CPU
		{AA4AB1E3-9BF7-46E4-AAC8-DBE748AE942B}.Release|Any CPU.ActiveCfg = Release|Any CPU
		{AA4AB1E3-9BF7-46E4-AAC8-DBE748AE942B}.Release|Any CPU.Build.0 = Release|Any CPU
	EndGlobalSection
	GlobalSection(SolutionProperties) = preSolution
		HideSolutionNode = FALSE
	EndGlobalSection
	GlobalSection(ExtensibilityGlobals) = postSolution
		SolutionGuid = {AE4C7183-E1DF-49B9-9554-D02B21E676DE}
	EndGlobalSection
EndGlobal
